{
  "name": "mrdiamonddog.github.io",
  "lockfileVersion": 2,
  "requires": true,
  "packages": {
    "": {
      "dependencies": {
        "@types/matter-js": "^0.17.7"
      }
    },
    "node_modules/@types/matter-js": {
      "version": "0.17.7",
      "resolved": "https://registry.npmjs.org/@types/matter-js/-/matter-js-0.17.7.tgz",
      "integrity": "sha512-LHx3Kf1vY68wEgSAuQkMShfGxB9YVKtcFYqPTMAcmUCnHuvcPkfnlbveMkH8xG/s1EIYcbBVTnUNDV/CA5B2RA=="
    }
  },
  "dependencies": {
    "@types/matter-js": {
      "version": "0.17.7",
      "resolved": "https://registry.npmjs.org/@types/matter-js/-/matter-js-0.17.7.tgz",
      "integrity": "sha512-LHx3Kf1vY68wEgSAuQkMShfGxB9YVKtcFYqPTMAcmUCnHuvcPkfnlbveMkH8xG/s1EIYcbBVTnUNDV/CA5B2RA=="
    }
  }
}
